// !$*UTF8*$!
{
	archiveVersion = 1;
	classes = {
	};
	objectVersion = 50;
	objects = {

/* Begin PBXBuildFile section */
		E678C80322C5A60700DC5A0D /* HomeBottomControlsStackView.swift in Sources */ = {isa = PBXBuildFile; fileRef = E678C80222C5A60700DC5A0D /* HomeBottomControlsStackView.swift */; };
		E678C80522C5A8E200DC5A0D /* HomeTopControlsStackView.swift in Sources */ = {isa = PBXBuildFile; fileRef = E678C80422C5A8E200DC5A0D /* HomeTopControlsStackView.swift */; };
		E678C80722C5A9A600DC5A0D /* HomeSuperViewControlStackView.swift in Sources */ = {isa = PBXBuildFile; fileRef = E678C80622C5A9A600DC5A0D /* HomeSuperViewControlStackView.swift */; };
		E6E5B04D21BA42A80058BCAC /* AppDelegate.swift in Sources */ = {isa = PBXBuildFile; fileRef = E6E5B04C21BA42A80058BCAC /* AppDelegate.swift */; };
		E6E5B04F21BA42A80058BCAC /* ViewController.swift in Sources */ = {isa = PBXBuildFile; fileRef = E6E5B04E21BA42A80058BCAC /* ViewController.swift */; };
		E6E5B05221BA42A80058BCAC /* Main.storyboard in Resources */ = {isa = PBXBuildFile; fileRef = E6E5B05021BA42A80058BCAC /* Main.storyboard */; };
		E6E5B05421BA42AB0058BCAC /* Assets.xcassets in Resources */ = {isa = PBXBuildFile; fileRef = E6E5B05321BA42AB0058BCAC /* Assets.xcassets */; };
		E6E5B05721BA42AB0058BCAC /* LaunchScreen.storyboard in Resources */ = {isa = PBXBuildFile; fileRef = E6E5B05521BA42AB0058BCAC /* LaunchScreen.storyboard */; };
		E6E5B06221BA42AB0058BCAC /* Match_swipeTests.swift in Sources */ = {isa = PBXBuildFile; fileRef = E6E5B06121BA42AB0058BCAC /* Match_swipeTests.swift */; };
		E6E5B06D21BA42AB0058BCAC /* Match_swipeUITests.swift in Sources */ = {isa = PBXBuildFile; fileRef = E6E5B06C21BA42AB0058BCAC /* Match_swipeUITests.swift */; };
		E6E5B07B21BA6BFA0058BCAC /* Extensions.swift in Sources */ = {isa = PBXBuildFile; fileRef = E6E5B07A21BA6BFA0058BCAC /* Extensions.swift */; };
/* End PBXBuildFile section */

/* Begin PBXContainerItemProxy section */
		E6E5B05E21BA42AB0058BCAC /* PBXContainerItemProxy */ = {
			isa = PBXContainerItemProxy;
			containerPortal = E6E5B04121BA42A80058BCAC /* Project object */;
			proxyType = 1;
			remoteGlobalIDString = E6E5B04821BA42A80058BCAC;
			remoteInfo = "Match-swipe";
		};
		E6E5B06921BA42AB0058BCAC /* PBXContainerItemProxy */ = {
			isa = PBXContainerItemProxy;
			containerPortal = E6E5B04121BA42A80058BCAC /* Project object */;
			proxyType = 1;
			remoteGlobalIDString = E6E5B04821BA42A80058BCAC;
			remoteInfo = "Match-swipe";
		};
/* End PBXContainerItemProxy section */

/* Begin PBXFileReference section */
		E678C80222C5A60700DC5A0D /* HomeBottomControlsStackView.swift */ = {isa = PBXFileReference; lastKnownFileType = sourcecode.swift; path = HomeBottomControlsStackView.swift; sourceTree = "<group>"; };
		E678C80422C5A8E200DC5A0D /* HomeTopControlsStackView.swift */ = {isa = PBXFileReference; lastKnownFileType = sourcecode.swift; path = HomeTopControlsStackView.swift; sourceTree = "<group>"; };
		E678C80622C5A9A600DC5A0D /* HomeSuperViewControlStackView.swift */ = {isa = PBXFileReference; lastKnownFileType = sourcecode.swift; path = HomeSuperViewControlStackView.swift; sourceTree = "<group>"; };
		E6E5B04921BA42A80058BCAC /* Match-swipe.app */ = {isa = PBXFileReference; explicitFileType = wrapper.application; includeInIndex = 0; path = "Match-swipe.app"; sourceTree = BUILT_PRODUCTS_DIR; };
		E6E5B04C21BA42A80058BCAC /* AppDelegate.swift */ = {isa = PBXFileReference; lastKnownFileType = sourcecode.swift; path = AppDelegate.swift; sourceTree = "<group>"; };
		E6E5B04E21BA42A80058BCAC /* ViewController.swift */ = {isa = PBXFileReference; lastKnownFileType = sourcecode.swift; path = ViewController.swift; sourceTree = "<group>"; };
		E6E5B05121BA42A80058BCAC /* Base */ = {isa = PBXFileReference; lastKnownFileType = file.storyboard; name = Base; path = Base.lproj/Main.storyboard; sourceTree = "<group>"; };
		E6E5B05321BA42AB0058BCAC /* Assets.xcassets */ = {isa = PBXFileReference; lastKnownFileType = folder.assetcatalog; path = Assets.xcassets; sourceTree = "<group>"; };
		E6E5B05621BA42AB0058BCAC /* Base */ = {isa = PBXFileReference; lastKnownFileType = file.storyboard; name = Base; path = Base.lproj/LaunchScreen.storyboard; sourceTree = "<group>"; };
		E6E5B05821BA42AB0058BCAC /* Info.plist */ = {isa = PBXFileReference; lastKnownFileType = text.plist.xml; path = Info.plist; sourceTree = "<group>"; };
		E6E5B05D21BA42AB0058BCAC /* Match-swipeTests.xctest */ = {isa = PBXFileReference; explicitFileType = wrapper.cfbundle; includeInIndex = 0; path = "Match-swipeTests.xctest"; sourceTree = BUILT_PRODUCTS_DIR; };
		E6E5B06121BA42AB0058BCAC /* Match_swipeTests.swift */ = {isa = PBXFileReference; lastKnownFileType = sourcecode.swift; path = Match_swipeTests.swift; sourceTree = "<group>"; };
		E6E5B06321BA42AB0058BCAC /* Info.plist */ = {isa = PBXFileReference; lastKnownFileType = text.plist.xml; path = Info.plist; sourceTree = "<group>"; };
		E6E5B06821BA42AB0058BCAC /* Match-swipeUITests.xctest */ = {isa = PBXFileReference; explicitFileType = wrapper.cfbundle; includeInIndex = 0; path = "Match-swipeUITests.xctest"; sourceTree = BUILT_PRODUCTS_DIR; };
		E6E5B06C21BA42AB0058BCAC /* Match_swipeUITests.swift */ = {isa = PBXFileReference; lastKnownFileType = sourcecode.swift; path = Match_swipeUITests.swift; sourceTree = "<group>"; };
		E6E5B06E21BA42AB0058BCAC /* Info.plist */ = {isa = PBXFileReference; lastKnownFileType = text.plist.xml; path = Info.plist; sourceTree = "<group>"; };
		E6E5B07A21BA6BFA0058BCAC /* Extensions.swift */ = {isa = PBXFileReference; lastKnownFileType = sourcecode.swift; path = Extensions.swift; sourceTree = "<group>"; };
/* End PBXFileReference section */

/* Begin PBXFrameworksBuildPhase section */
		E6E5B04621BA42A80058BCAC /* Frameworks */ = {
			isa = PBXFrameworksBuildPhase;
			buildActionMask = 2147483647;
			files = (
			);
			runOnlyForDeploymentPostprocessing = 0;
		};
		E6E5B05A21BA42AB0058BCAC /* Frameworks */ = {
			isa = PBXFrameworksBuildPhase;
			buildActionMask = 2147483647;
			files = (
			);
			runOnlyForDeploymentPostprocessing = 0;
		};
		E6E5B06521BA42AB0058BCAC /* Frameworks */ = {
			isa = PBXFrameworksBuildPhase;
			buildActionMask = 2147483647;
			files = (
			);
			runOnlyForDeploymentPostprocessing = 0;
		};
/* End PBXFrameworksBuildPhase section */

/* Begin PBXGroup section */
		E64091E121D1149500997154 /* Extensions */ = {
			isa = PBXGroup;
			children = (
				E6E5B07A21BA6BFA0058BCAC /* Extensions.swift */,
			);
			path = Extensions;
			sourceTree = "<group>";
		};
		E678C80122C5A5B800DC5A0D /* Views */ = {
			isa = PBXGroup;
			children = (
				E678C80222C5A60700DC5A0D /* HomeBottomControlsStackView.swift */,
				E678C80422C5A8E200DC5A0D /* HomeTopControlsStackView.swift */,
				E678C80622C5A9A600DC5A0D /* HomeSuperViewControlStackView.swift */,
			);
			path = Views;
			sourceTree = "<group>";
		};
		E6E5B04021BA42A80058BCAC = {
			isa = PBXGroup;
			children = (
				E6E5B04B21BA42A80058BCAC /* Match-swipe */,
				E6E5B06021BA42AB0058BCAC /* Match-swipeTests */,
				E6E5B06B21BA42AB0058BCAC /* Match-swipeUITests */,
				E6E5B04A21BA42A80058BCAC /* Products */,
			);
			sourceTree = "<group>";
		};
		E6E5B04A21BA42A80058BCAC /* Products */ = {
			isa = PBXGroup;
			children = (
				E6E5B04921BA42A80058BCAC /* Match-swipe.app */,
				E6E5B05D21BA42AB0058BCAC /* Match-swipeTests.xctest */,
				E6E5B06821BA42AB0058BCAC /* Match-swipeUITests.xctest */,
			);
			name = Products;
			sourceTree = "<group>";
		};
		E6E5B04B21BA42A80058BCAC /* Match-swipe */ = {
			isa = PBXGroup;
			children = (
				E678C80122C5A5B800DC5A0D /* Views */,
				E64091E121D1149500997154 /* Extensions */,
				E6E5B04C21BA42A80058BCAC /* AppDelegate.swift */,
				E6E5B04E21BA42A80058BCAC /* ViewController.swift */,
				E6E5B05021BA42A80058BCAC /* Main.storyboard */,
				E6E5B05321BA42AB0058BCAC /* Assets.xcassets */,
				E6E5B05521BA42AB0058BCAC /* LaunchScreen.storyboard */,
				E6E5B05821BA42AB0058BCAC /* Info.plist */,
			);
			path = "Match-swipe";
			sourceTree = "<group>";
		};
		E6E5B06021BA42AB0058BCAC /* Match-swipeTests */ = {
			isa = PBXGroup;
			children = (
				E6E5B06121BA42AB0058BCAC /* Match_swipeTests.swift */,
				E6E5B06321BA42AB0058BCAC /* Info.plist */,
			);
			path = "Match-swipeTests";
			sourceTree = "<group>";
		};
		E6E5B06B21BA42AB0058BCAC /* Match-swipeUITests */ = {
			isa = PBXGroup;
			children = (
				E6E5B06C21BA42AB0058BCAC /* Match_swipeUITests.swift */,
				E6E5B06E21BA42AB0058BCAC /* Info.plist */,
			);
			path = "Match-swipeUITests";
			sourceTree = "<group>";
		};
/* End PBXGroup section */

/* Begin PBXNativeTarget section */
		E6E5B04821BA42A80058BCAC /* Match-swipe */ = {
			isa = PBXNativeTarget;
			buildConfigurationList = E6E5B07121BA42AB0058BCAC /* Build configuration list for PBXNativeTarget "Match-swipe" */;
			buildPhases = (
				E6E5B04521BA42A80058BCAC /* Sources */,
				E6E5B04621BA42A80058BCAC /* Frameworks */,
				E6E5B04721BA42A80058BCAC /* Resources */,
			);
			buildRules = (
			);
			dependencies = (
			);
			name = "Match-swipe";
			productName = "Match-swipe";
			productReference = E6E5B04921BA42A80058BCAC /* Match-swipe.app */;
			productType = "com.apple.product-type.application";
		};
		E6E5B05C21BA42AB0058BCAC /* Match-swipeTests */ = {
			isa = PBXNativeTarget;
			buildConfigurationList = E6E5B07421BA42AB0058BCAC /* Build configuration list for PBXNativeTarget "Match-swipeTests" */;
			buildPhases = (
				E6E5B05921BA42AB0058BCAC /* Sources */,
				E6E5B05A21BA42AB0058BCAC /* Frameworks */,
				E6E5B05B21BA42AB0058BCAC /* Resources */,
			);
			buildRules = (
			);
			dependencies = (
				E6E5B05F21BA42AB0058BCAC /* PBXTargetDependency */,
			);
			name = "Match-swipeTests";
			productName = "Match-swipeTests";
			productReference = E6E5B05D21BA42AB0058BCAC /* Match-swipeTests.xctest */;
			productType = "com.apple.product-type.bundle.unit-test";
		};
		E6E5B06721BA42AB0058BCAC /* Match-swipeUITests */ = {
			isa = PBXNativeTarget;
			buildConfigurationList = E6E5B07721BA42AB0058BCAC /* Build configuration list for PBXNativeTarget "Match-swipeUITests" */;
			buildPhases = (
				E6E5B06421BA42AB0058BCAC /* Sources */,
				E6E5B06521BA42AB0058BCAC /* Frameworks */,
				E6E5B06621BA42AB0058BCAC /* Resources */,
			);
			buildRules = (
			);
			dependencies = (
				E6E5B06A21BA42AB0058BCAC /* PBXTargetDependency */,
			);
			name = "Match-swipeUITests";
			productName = "Match-swipeUITests";
			productReference = E6E5B06821BA42AB0058BCAC /* Match-swipeUITests.xctest */;
			productType = "com.apple.product-type.bundle.ui-testing";
		};
/* End PBXNativeTarget section */

/* Begin PBXProject section */
		E6E5B04121BA42A80058BCAC /* Project object */ = {
			isa = PBXProject;
			attributes = {
				LastSwiftUpdateCheck = 1010;
				LastUpgradeCheck = 1010;
				ORGANIZATIONNAME = "Shehryar Bajwa";
				TargetAttributes = {
					E6E5B04821BA42A80058BCAC = {
						CreatedOnToolsVersion = 10.1;
					};
					E6E5B05C21BA42AB0058BCAC = {
						CreatedOnToolsVersion = 10.1;
						TestTargetID = E6E5B04821BA42A80058BCAC;
					};
					E6E5B06721BA42AB0058BCAC = {
						CreatedOnToolsVersion = 10.1;
						TestTargetID = E6E5B04821BA42A80058BCAC;
					};
				};
			};
			buildConfigurationList = E6E5B04421BA42A80058BCAC /* Build configuration list for PBXProject "Match-swipe" */;
			compatibilityVersion = "Xcode 9.3";
			developmentRegion = en;
			hasScannedForEncodings = 0;
			knownRegions = (
				en,
				Base,
			);
			mainGroup = E6E5B04021BA42A80058BCAC;
			productRefGroup = E6E5B04A21BA42A80058BCAC /* Products */;
			projectDirPath = "";
			projectRoot = "";
			targets = (
				E6E5B04821BA42A80058BCAC /* Match-swipe */,
				E6E5B05C21BA42AB0058BCAC /* Match-swipeTests */,
				E6E5B06721BA42AB0058BCAC /* Match-swipeUITests */,
			);
		};
/* End PBXProject section */

/* Begin PBXResourcesBuildPhase section */
		E6E5B04721BA42A80058BCAC /* Resources */ = {
			isa = PBXResourcesBuildPhase;
			buildActionMask = 2147483647;
			files = (
				E6E5B05721BA42AB0058BCAC /* LaunchScreen.storyboard in Resources */,
				E6E5B05421BA42AB0058BCAC /* Assets.xcassets in Resources */,
				E6E5B05221BA42A80058BCAC /* Main.storyboard in Resources */,
			);
			runOnlyForDeploymentPostprocessing = 0;
		};
		E6E5B05B21BA42AB0058BCAC /* Resources */ = {
			isa = PBXResourcesBuildPhase;
			buildActionMask = 2147483647;
			files = (
			);
			runOnlyForDeploymentPostprocessing = 0;
		};
		E6E5B06621BA42AB0058BCAC /* Resources */ = {
			isa = PBXResourcesBuildPhase;
			buildActionMask = 2147483647;
			files = (
			);
			runOnlyForDeploymentPostprocessing = 0;
		};
/* End PBXResourcesBuildPhase section */

/* Begin PBXSourcesBuildPhase section */
		E6E5B04521BA42A80058BCAC /* Sources */ = {
			isa = PBXSourcesBuildPhase;
			buildActionMask = 2147483647;
			files = (
				E6E5B04F21BA42A80058BCAC /* ViewController.swift in Sources */,
				E678C80322C5A60700DC5A0D /* HomeBottomControlsStackView.swift in Sources */,
				E678C80522C5A8E200DC5A0D /* HomeTopControlsStackView.swift in Sources */,
				E678C80722C5A9A600DC5A0D /* HomeSuperViewControlStackView.swift in Sources */,
				E6E5B07B21BA6BFA0058BCAC /* Extensions.swift in Sources */,
				E6E5B04D21BA42A80058BCAC /* AppDelegate.swift in Sources */,
			);
			runOnlyForDeploymentPostprocessing = 0;
		};
		E6E5B05921BA42AB0058BCAC /* Sources */ = {
			isa = PBXSourcesBuildPhase;
			buildActionMask = 2147483647;
			files = (
				E6E5B06221BA42AB0058BCAC /* Match_swipeTests.swift in Sources */,
			);
			runOnlyForDeploymentPostprocessing = 0;
		};
		E6E5B06421BA42AB0058BCAC /* Sources */ = {
			isa = PBXSourcesBuildPhase;
			buildActionMask = 2147483647;
			files = (
				E6E5B06D21BA42AB0058BCAC /* Match_swipeUITests.swift in Sources */,
			);
			runOnlyForDeploymentPostprocessing = 0;
		};
/* End PBXSourcesBuildPhase section */

/* Begin PBXTargetDependency section */
		E6E5B05F21BA42AB0058BCAC /* PBXTargetDependency */ = {
			isa = PBXTargetDependency;
			target = E6E5B04821BA42A80058BCAC /* Match-swipe */;
			targetProxy = E6E5B05E21BA42AB0058BCAC /* PBXContainerItemProxy */;
		};
		E6E5B06A21BA42AB0058BCAC /* PBXTargetDependency */ = {
			isa = PBXTargetDependency;
			target = E6E5B04821BA42A80058BCAC /* Match-swipe */;
			targetProxy = E6E5B06921BA42AB0058BCAC /* PBXContainerItemProxy */;
		};
/* End PBXTargetDependency section */

/* Begin PBXVariantGroup section */
		E6E5B05021BA42A80058BCAC /* Main.storyboard */ = {
			isa = PBXVariantGroup;
			children = (
				E6E5B05121BA42A80058BCAC /* Base */,
			);
			name = Main.storyboard;
			sourceTree = "<group>";
		};
		E6E5B05521BA42AB0058BCAC /* LaunchScreen.storyboard */ = {
			isa = PBXVariantGroup;
			children = (
				E6E5B05621BA42AB0058BCAC /* Base */,
			);
			name = LaunchScreen.storyboard;
			sourceTree = "<group>";
		};
/* End PBXVariantGroup section */

/* Begin XCBuildConfiguration section */
		E6E5B06F21BA42AB0058BCAC /* Debug */ = {
			isa = XCBuildConfiguration;
			buildSettings = {
				ALWAYS_SEARCH_USER_PATHS = NO;
				CLANG_ANALYZER_NONNULL = YES;
				CLANG_ANALYZER_NUMBER_OBJECT_CONVERSION = YES_AGGRESSIVE;
				CLANG_CXX_LANGUAGE_STANDARD = "gnu++14";
				CLANG_CXX_LIBRARY = "libc++";
				CLANG_ENABLE_MODULES = YES;
				CLANG_ENABLE_OBJC_ARC = YES;
				CLANG_ENABLE_OBJC_WEAK = YES;
				CLANG_WARN_BLOCK_CAPTURE_AUTORELEASING = YES;
				CLANG_WARN_BOOL_CONVERSION = YES;
				CLANG_WARN_COMMA = YES;
				CLANG_WARN_CONSTANT_CONVERSION = YES;
				CLANG_WARN_DEPRECATED_OBJC_IMPLEMENTATIONS = YES;
				CLANG_WARN_DIRECT_OBJC_ISA_USAGE = YES_ERROR;
				CLANG_WARN_DOCUMENTATION_COMMENTS = YES;
				CLANG_WARN_EMPTY_BODY = YES;
				CLANG_WARN_ENUM_CONVERSION = YES;
				CLANG_WARN_INFINITE_RECURSION = YES;
				CLANG_WARN_INT_CONVERSION = YES;
				CLANG_WARN_NON_LITERAL_NULL_CONVERSION = YES;
				CLANG_WARN_OBJC_IMPLICIT_RETAIN_SELF = YES;
				CLANG_WARN_OBJC_LITERAL_CONVERSION = YES;
				CLANG_WARN_OBJC_ROOT_CLASS = YES_ERROR;
				CLANG_WARN_RANGE_LOOP_ANALYSIS = YES;
				CLANG_WARN_STRICT_PROTOTYPES = YES;
				CLANG_WARN_SUSPICIOUS_MOVE = YES;
				CLANG_WARN_UNGUARDED_AVAILABILITY = YES_AGGRESSIVE;
				CLANG_WARN_UNREACHABLE_CODE = YES;
				CLANG_WARN__DUPLICATE_METHOD_MATCH = YES;
				CODE_SIGN_IDENTITY = "iPhone Developer";
				COPY_PHASE_STRIP = NO;
				DEBUG_INFORMATION_FORMAT = dwarf;
				ENABLE_STRICT_OBJC_MSGSEND = YES;
				ENABLE_TESTABILITY = YES;
				GCC_C_LANGUAGE_STANDARD = gnu11;
				GCC_DYNAMIC_NO_PIC = NO;
				GCC_NO_COMMON_BLOCKS = YES;
				GCC_OPTIMIZATION_LEVEL = 0;
				GCC_PREPROCESSOR_DEFINITIONS = (
					"DEBUG=1",
					"$(inherited)",
				);
				GCC_WARN_64_TO_32_BIT_CONVERSION = YES;
				GCC_WARN_ABOUT_RETURN_TYPE = YES_ERROR;
				GCC_WARN_UNDECLARED_SELECTOR = YES;
				GCC_WARN_UNINITIALIZED_AUTOS = YES_AGGRESSIVE;
				GCC_WARN_UNUSED_FUNCTION = YES;
				GCC_WARN_UNUSED_VARIABLE = YES;
				IPHONEOS_DEPLOYMENT_TARGET = 12.1;
				MTL_ENABLE_DEBUG_INFO = INCLUDE_SOURCE;
				MTL_FAST_MATH = YES;
				ONLY_ACTIVE_ARCH = YES;
				SDKROOT = iphoneos;
				SWIFT_ACTIVE_COMPILATION_CONDITIONS = DEBUG;
				SWIFT_OPTIMIZATION_LEVEL = "-Onone";
			};
			name = Debug;
		};
		E6E5B07021BA42AB0058BCAC /* Release */ = {
			isa = XCBuildConfiguration;
			buildSettings = {
				ALWAYS_SEARCH_USER_PATHS = NO;
				CLANG_ANALYZER_NONNULL = YES;
				CLANG_ANALYZER_NUMBER_OBJECT_CONVERSION = YES_AGGRESSIVE;
				CLANG_CXX_LANGUAGE_STANDARD = "gnu++14";
				CLANG_CXX_LIBRARY = "libc++";
				CLANG_ENABLE_MODULES = YES;
				CLANG_ENABLE_OBJC_ARC = YES;
				CLANG_ENABLE_OBJC_WEAK = YES;
				CLANG_WARN_BLOCK_CAPTURE_AUTORELEASING = YES;
				CLANG_WARN_BOOL_CONVERSION = YES;
				CLANG_WARN_COMMA = YES;
				CLANG_WARN_CONSTANT_CONVERSION = YES;
				CLANG_WARN_DEPRECATED_OBJC_IMPLEMENTATIONS = YES;
				CLANG_WARN_DIRECT_OBJC_ISA_USAGE = YES_ERROR;
				CLANG_WARN_DOCUMENTATION_COMMENTS = YES;
				CLANG_WARN_EMPTY_BODY = YES;
				CLANG_WARN_ENUM_CONVERSION = YES;
				CLANG_WARN_INFINITE_RECURSION = YES;
				CLANG_WARN_INT_CONVERSION = YES;
				CLANG_WARN_NON_LITERAL_NULL_CONVERSION = YES;
				CLANG_WARN_OBJC_IMPLICIT_RETAIN_SELF = YES;
				CLANG_WARN_OBJC_LITERAL_CONVERSION = YES;
				CLANG_WARN_OBJC_ROOT_CLASS = YES_ERROR;
				CLANG_WARN_RANGE_LOOP_ANALYSIS = YES;
				CLANG_WARN_STRICT_PROTOTYPES = YES;
				CLANG_WARN_SUSPICIOUS_MOVE = YES;
				CLANG_WARN_UNGUARDED_AVAILABILITY = YES_AGGRESSIVE;
				CLANG_WARN_UNREACHABLE_CODE = YES;
				CLANG_WARN__DUPLICATE_METHOD_MATCH = YES;
				CODE_SIGN_IDENTITY = "iPhone Developer";
				COPY_PHASE_STRIP = NO;
				DEBUG_INFORMATION_FORMAT = "dwarf-with-dsym";
				ENABLE_NS_ASSERTIONS = NO;
				ENABLE_STRICT_OBJC_MSGSEND = YES;
				GCC_C_LANGUAGE_STANDARD = gnu11;
				GCC_NO_COMMON_BLOCKS = YES;
				GCC_WARN_64_TO_32_BIT_CONVERSION = YES;
				GCC_WARN_ABOUT_RETURN_TYPE = YES_ERROR;
				GCC_WARN_UNDECLARED_SELECTOR = YES;
				GCC_WARN_UNINITIALIZED_AUTOS = YES_AGGRESSIVE;
				GCC_WARN_UNUSED_FUNCTION = YES;
				GCC_WARN_UNUSED_VARIABLE = YES;
				IPHONEOS_DEPLOYMENT_TARGET = 12.1;
				MTL_ENABLE_DEBUG_INFO = NO;
				MTL_FAST_MATH = YES;
				SDKROOT = iphoneos;
				SWIFT_COMPILATION_MODE = wholemodule;
				SWIFT_OPTIMIZATION_LEVEL = "-O";
				VALIDATE_PRODUCT = YES;
			};
			name = Release;
		};
		E6E5B07221BA42AB0058BCAC /* Debug */ = {
			isa = XCBuildConfiguration;
			buildSettings = {
				ASSETCATALOG_COMPILER_APPICON_NAME = AppIcon;
				CODE_SIGN_STYLE = Automatic;
				INFOPLIST_FILE = "Match-swipe/Info.plist";
				LD_RUNPATH_SEARCH_PATHS = (
					"$(inherited)",
					"@executable_path/Frameworks",
				);
				PRODUCT_BUNDLE_IDENTIFIER = "Algorithms.Match-swipe";
				PRODUCT_NAME = "$(TARGET_NAME)";
				SWIFT_VERSION = 4.2;
				TARGETED_DEVICE_FAMILY = "1,2";
			};
			name = Debug;
		};
		E6E5B07321BA42AB0058BCAC /* Release */ = {
			isa = XCBuildConfiguration;
			buildSettings = {
				ASSETCATALOG_COMPILER_APPICON_NAME = AppIcon;
				CODE_SIGN_STYLE = Automatic;
				INFOPLIST_FILE = "Match-swipe/Info.plist";
				LD_RUNPATH_SEARCH_PATHS = (
					"$(inherited)",
					"@executable_path/Frameworks",
				);
				PRODUCT_BUNDLE_IDENTIFIER = "Algorithms.Match-swipe";
				PRODUCT_NAME = "$(TARGET_NAME)";
				SWIFT_VERSION = 4.2;
				TARGETED_DEVICE_FAMILY = "1,2";
			};
			name = Release;
		};
		E6E5B07521BA42AB0058BCAC /* Debug */ = {
			isa = XCBuildConfiguration;
			buildSettings = {
				ALWAYS_EMBED_SWIFT_STANDARD_LIBRARIES = YES;
				BUNDLE_LOADER = "$(TEST_HOST)";
				CODE_SIGN_STYLE = Automatic;
				INFOPLIST_FILE = "Match-swipeTests/Info.plist";
				LD_RUNPATH_SEARCH_PATHS = (
					"$(inherited)",
					"@executable_path/Frameworks",
					"@loader_path/Frameworks",
				);
				PRODUCT_BUNDLE_IDENTIFIER = "Algorithms.Match-swipeTests";
				PRODUCT_NAME = "$(TARGET_NAME)";
				SWIFT_VERSION = 4.2;
				TARGETED_DEVICE_FAMILY = "1,2";
				TEST_HOST = "$(BUILT_PRODUCTS_DIR)/Match-swipe.app/Match-swipe";
			};
			name = Debug;
		};
		E6E5B07621BA42AB0058BCAC /* Release */ = {
			isa = XCBuildConfiguration;
			buildSettings = {
				ALWAYS_EMBED_SWIFT_STANDARD_LIBRARIES = YES;
				BUNDLE_LOADER = "$(TEST_HOST)";
				CODE_SIGN_STYLE = Automatic;
				INFOPLIST_FILE = "Match-swipeTests/Info.plist";
				LD_RUNPATH_SEARCH_PATHS = (
					"$(inherited)",
					"@executable_path/Frameworks",
					"@loader_path/Frameworks",
				);
				PRODUCT_BUNDLE_IDENTIFIER = "Algorithms.Match-swipeTests";
				PRODUCT_NAME = "$(TARGET_NAME)";
				SWIFT_VERSION = 4.2;
				TARGETED_DEVICE_FAMILY = "1,2";
				TEST_HOST = "$(BUILT_PRODUCTS_DIR)/Match-swipe.app/Match-swipe";
			};
			name = Release;
		};
		E6E5B07821BA42AB0058BCAC /* Debug */ = {
			isa = XCBuildConfiguration;
			buildSettings = {
				ALWAYS_EMBED_SWIFT_STANDARD_LIBRARIES = YES;
				CODE_SIGN_STYLE = Automatic;
				INFOPLIST_FILE = "Match-swipeUITests/Info.plist";
				LD_RUNPATH_SEARCH_PATHS = (
					"$(inherited)",
					"@executable_path/Frameworks",
					"@loader_path/Frameworks",
				);
				PRODUCT_BUNDLE_IDENTIFIER = "Algorithms.Match-swipeUITests";
				PRODUCT_NAME = "$(TARGET_NAME)";
				SWIFT_VERSION = 4.2;
				TARGETED_DEVICE_FAMILY = "1,2";
				TEST_TARGET_NAME = "Match-swipe";
			};
			name = Debug;
		};
		E6E5B07921BA42AB0058BCAC /* Release */ = {
			isa = XCBuildConfiguration;
			buildSettings = {
				ALWAYS_EMBED_SWIFT_STANDARD_LIBRARIES = YES;
				CODE_SIGN_STYLE = Automatic;
				INFOPLIST_FILE = "Match-swipeUITests/Info.plist";
				LD_RUNPATH_SEARCH_PATHS = (
					"$(inherited)",
					"@executable_path/Frameworks",
					"@loader_path/Frameworks",
				);
				PRODUCT_BUNDLE_IDENTIFIER = "Algorithms.Match-swipeUITests";
				PRODUCT_NAME = "$(TARGET_NAME)";
				SWIFT_VERSION = 4.2;
				TARGETED_DEVICE_FAMILY = "1,2";
				TEST_TARGET_NAME = "Match-swipe";
			};
			name = Release;
		};
/* End XCBuildConfiguration section */

/* Begin XCConfigurationList section */
		E6E5B04421BA42A80058BCAC /* Build configuration list for PBXProject "Match-swipe" */ = {
			isa = XCConfigurationList;
			buildConfigurations = (
				E6E5B06F21BA42AB0058BCAC /* Debug */,
				E6E5B07021BA42AB0058BCAC /* Release */,
			);
			defaultConfigurationIsVisible = 0;
			defaultConfigurationName = Release;
		};
		E6E5B07121BA42AB0058BCAC /* Build configuration list for PBXNativeTarget "Match-swipe" */ = {
			isa = XCConfigurationList;
			buildConfigurations = (
				E6E5B07221BA42AB0058BCAC /* Debug */,
				E6E5B07321BA42AB0058BCAC /* Release */,
			);
			defaultConfigurationIsVisible = 0;
			defaultConfigurationName = Release;
		};
		E6E5B07421BA42AB0058BCAC /* Build configuration list for PBXNativeTarget "Match-swipeTests" */ = {
			isa = XCConfigurationList;
			buildConfigurations = (
				E6E5B07521BA42AB0058BCAC /* Debug */,
				E6E5B07621BA42AB0058BCAC /* Release */,
			);
			defaultConfigurationIsVisible = 0;
			defaultConfigurationName = Release;
		};
		E6E5B07721BA42AB0058BCAC /* Build configuration list for PBXNativeTarget "Match-swipeUITests" */ = {
			isa = XCConfigurationList;
			buildConfigurations = (
				E6E5B07821BA42AB0058BCAC /* Debug */,
				E6E5B07921BA42AB0058BCAC /* Release */,
			);
			defaultConfigurationIsVisible = 0;
			defaultConfigurationName = Release;
		};
/* End XCConfigurationList section */
	};
	rootObject = E6E5B04121BA42A80058BCAC /* Project object */;
}
